
Microsoft Visual Studio Solution File, Format Version 12.00
# Visual Studio Version 17
VisualStudioVersion = 17.9.34701.34
MinimumVisualStudioVersion = 10.0.40219.1
Project("{9A19103F-16F7-4668-BE54-9A1E7A4F7556}") = "Employee_History", "Employee_History.csproj", "{25AACFAD-CAFF-4EA8-BDBB-6240F4949A44}"
EndProject
Project("{9A19103F-16F7-4668-BE54-9A1E7A4F7556}") = "TestProject1", "..\TestProject1\TestProject1.csproj", "{90D556C4-3802-4655-A395-B11C53D5B61C}"
EndProject
Global
	GlobalSection(SolutionConfigurationPlatforms) = preSolution
		Debug|Any CPU = Debug|Any CPU
		Release|Any CPU = Release|Any CPU
	EndGlobalSection
	GlobalSection(ProjectConfigurationPlatforms) = postSolution
		{25AACFAD-CAFF-4EA8-BDBB-6240F4949A44}.Debug|Any CPU.ActiveCfg = Debug|Any CPU
		{25AACFAD-CAFF-4EA8-BDBB-6240F4949A44}.Debug|Any CPU.Build.0 = Debug|Any CPU
		{25AACFAD-CAFF-4EA8-BDBB-6240F4949A44}.Release|Any CPU.ActiveCfg = Release|Any CPU
		{25AACFAD-CAFF-4EA8-BDBB-6240F4949A44}.Release|Any CPU.Build.0 = Release|Any CPU
		{90D556C4-3802-4655-A395-B11C53D5B61C}.Debug|Any CPU.ActiveCfg = Debug|Any CPU
		{90D556C4-3802-4655-A395-B11C53D5B61C}.Debug|Any CPU.Build.0 = Debug|Any CPU
		{90D556C4-3802-4655-A395-B11C53D5B61C}.Release|Any CPU.ActiveCfg = Release|Any CPU
		{90D556C4-3802-4655-A395-B11C53D5B61C}.Release|Any CPU.Build.0 = Release|Any CPU
	EndGlobalSection
	GlobalSection(SolutionProperties) = preSolution
		HideSolutionNode = FALSE
	EndGlobalSection
	GlobalSection(ExtensibilityGlobals) = postSolution
		SolutionGuid = {0B5E4D11-D841-458A-A8D0-E5BBAA452E17}
	EndGlobalSection
EndGlobal
