
Microsoft Visual Studio Solution File, Format Version 12.00
# Visual Studio Version 17
VisualStudioVersion = 17.9.34701.34
MinimumVisualStudioVersion = 10.0.40219.1
Project("{FAE04EC0-301F-11D3-BF4B-00C04F79EFBC}") = "Attendance_backend", "Attendance_backend.csproj", "{DC91C13E-1AB6-4915-8BBE-16C426F39FA9}"
EndProject
Global
	GlobalSection(SolutionConfigurationPlatforms) = preSolution
		Debug|Any CPU = Debug|Any CPU
		Release|Any CPU = Release|Any CPU
	EndGlobalSection
	GlobalSection(ProjectConfigurationPlatforms) = postSolution
		{DC91C13E-1AB6-4915-8BBE-16C426F39FA9}.Debug|Any CPU.ActiveCfg = Debug|Any CPU
		{DC91C13E-1AB6-4915-8BBE-16C426F39FA9}.Debug|Any CPU.Build.0 = Debug|Any CPU
		{DC91C13E-1AB6-4915-8BBE-16C426F39FA9}.Release|Any CPU.ActiveCfg = Release|Any CPU
		{DC91C13E-1AB6-4915-8BBE-16C426F39FA9}.Release|Any CPU.Build.0 = Release|Any CPU
	EndGlobalSection
	GlobalSection(SolutionProperties) = preSolution
		HideSolutionNode = FALSE
	EndGlobalSection
	GlobalSection(ExtensibilityGlobals) = postSolution
		SolutionGuid = {10845140-11D9-4AF4-B2D5-521C5E7C0628}
	EndGlobalSection
EndGlobal
